
Microsoft Visual Studio Solution File, Format Version 12.00
# Visual Studio Version 17
VisualStudioVersion = 17.6.33723.286
MinimumVisualStudioVersion = 10.0.40219.1
Project("{FAE04EC0-301F-11D3-BF4B-00C04F79EFBC}") = "UnilifeClassesRoomsDiplomServerDLL", "UnilifeClassesRoomsDiplomServerDLL\UnilifeClassesRoomsDiplomServerDLL.csproj", "{D308C9DF-905B-4C39-8A44-17B3974AD480}"
EndProject
Project("{FAE04EC0-301F-11D3-BF4B-00C04F79EFBC}") = "Host", "Host\Host.csproj", "{B64BF917-C468-4827-883A-550AD6259036}"
EndProject
Global
	GlobalSection(SolutionConfigurationPlatforms) = preSolution
		Debug|Any CPU = Debug|Any CPU
		Release|Any CPU = Release|Any CPU
	EndGlobalSection
	GlobalSection(ProjectConfigurationPlatforms) = postSolution
		{D308C9DF-905B-4C39-8A44-17B3974AD480}.Debug|Any CPU.ActiveCfg = Debug|Any CPU
		{D308C9DF-905B-4C39-8A44-17B3974AD480}.Debug|Any CPU.Build.0 = Debug|Any CPU
		{D308C9DF-905B-4C39-8A44-17B3974AD480}.Release|Any CPU.ActiveCfg = Release|Any CPU
		{D308C9DF-905B-4C39-8A44-17B3974AD480}.Release|Any CPU.Build.0 = Release|Any CPU
		{B64BF917-C468-4827-883A-550AD6259036}.Debug|Any CPU.ActiveCfg = Debug|Any CPU
		{B64BF917-C468-4827-883A-550AD6259036}.Debug|Any CPU.Build.0 = Debug|Any CPU
		{B64BF917-C468-4827-883A-550AD6259036}.Release|Any CPU.ActiveCfg = Release|Any CPU
		{B64BF917-C468-4827-883A-550AD6259036}.Release|Any CPU.Build.0 = Release|Any CPU
	EndGlobalSection
	GlobalSection(SolutionProperties) = preSolution
		HideSolutionNode = FALSE
	EndGlobalSection
	GlobalSection(ExtensibilityGlobals) = postSolution
		SolutionGuid = {654CAC4A-5B6D-4961-ABC3-683C99D1567B}
	EndGlobalSection
EndGlobal
